Microsoft Visual Studio Solution File, Format Version 12.00
# Visual Studio Version 17
VisualStudioVersion = 17.5.2.0
MinimumVisualStudioVersion = 10.0.40219.1
Project("{FAE04EC0-301F-11D3-BF4B-00C04F79EFBC}") = "donguler-for-loop", "donguler-for-loop.csproj", "{056880C4-4825-2D16-54C9-E488CC99D17F}"
EndProject
Global
	GlobalSection(SolutionConfigurationPlatforms) = preSolution
		Debug|Any CPU = Debug|Any CPU
		Release|Any CPU = Release|Any CPU
	EndGlobalSection
	GlobalSection(ProjectConfigurationPlatforms) = postSolution
		{056880C4-4825-2D16-54C9-E488CC99D17F}.Debug|Any CPU.ActiveCfg = Debug|Any CPU
		{056880C4-4825-2D16-54C9-E488CC99D17F}.Debug|Any CPU.Build.0 = Debug|Any CPU
		{056880C4-4825-2D16-54C9-E488CC99D17F}.Release|Any CPU.ActiveCfg = Release|Any CPU
		{056880C4-4825-2D16-54C9-E488CC99D17F}.Release|Any CPU.Build.0 = Release|Any CPU
	EndGlobalSection
	GlobalSection(SolutionProperties) = preSolution
		HideSolutionNode = FALSE
	EndGlobalSection
	GlobalSection(ExtensibilityGlobals) = postSolution
		SolutionGuid = {0636E7B3-B59A-4DFC-9A6E-4303EFF66E0D}
	EndGlobalSection
EndGlobal
